// !$*UTF8*$!
{
	archiveVersion = 1;
	classes = {
	};
	objectVersion = 50;
	objects = {

/* Begin PBXBuildFile section */
		FD51F05D25D00A61000C1AEF /* NSPersistentCloudKitContainer_initTestingApp.swift in Sources */ = {isa = PBXBuildFile; fileRef = FD51F05C25D00A61000C1AEF /* NSPersistentCloudKitContainer_initTestingApp.swift */; };
		FD51F06125D00A65000C1AEF /* Assets.xcassets in Resources */ = {isa = PBXBuildFile; fileRef = FD51F06025D00A65000C1AEF /* Assets.xcassets */; };
		FD51F06425D00A65000C1AEF /* Preview Assets.xcassets in Resources */ = {isa = PBXBuildFile; fileRef = FD51F06325D00A65000C1AEF /* Preview Assets.xcassets */; };
		FD51F06925D00A65000C1AEF /* NSPersistentCloudKitContainer_initTesting.xcdatamodeld in Sources */ = {isa = PBXBuildFile; fileRef = FD51F06725D00A65000C1AEF /* NSPersistentCloudKitContainer_initTesting.xcdatamodeld */; };
		FD51F07725D00AE2000C1AEF /* CloudKit.framework in Frameworks */ = {isa = PBXBuildFile; fileRef = FD51F07625D00AE2000C1AEF /* CloudKit.framework */; };
/* End PBXBuildFile section */

/* Begin PBXFileReference section */
		FD51F05925D00A61000C1AEF /* NSPersistentCloudKitContainer+initTesting.app */ = {isa = PBXFileReference; explicitFileType = wrapper.application; includeInIndex = 0; path = "NSPersistentCloudKitContainer+initTesting.app"; sourceTree = BUILT_PRODUCTS_DIR; };
		FD51F05C25D00A61000C1AEF /* NSPersistentCloudKitContainer_initTestingApp.swift */ = {isa = PBXFileReference; lastKnownFileType = sourcecode.swift; path = NSPersistentCloudKitContainer_initTestingApp.swift; sourceTree = "<group>"; };
		FD51F06025D00A65000C1AEF /* Assets.xcassets */ = {isa = PBXFileReference; lastKnownFileType = folder.assetcatalog; path = Assets.xcassets; sourceTree = "<group>"; };
		FD51F06325D00A65000C1AEF /* Preview Assets.xcassets */ = {isa = PBXFileReference; lastKnownFileType = folder.assetcatalog; path = "Preview Assets.xcassets"; sourceTree = "<group>"; };
		FD51F06825D00A65000C1AEF /* NSPersistentCloudKitContainer_initTesting.xcdatamodel */ = {isa = PBXFileReference; lastKnownFileType = wrapper.xcdatamodel; path = NSPersistentCloudKitContainer_initTesting.xcdatamodel; sourceTree = "<group>"; };
		FD51F06A25D00A65000C1AEF /* Info.plist */ = {isa = PBXFileReference; lastKnownFileType = text.plist.xml; path = Info.plist; sourceTree = "<group>"; };
		FD51F07325D00ADE000C1AEF /* NSPersistentCloudKitContainer+initTesting.entitlements */ = {isa = PBXFileReference; lastKnownFileType = text.plist.entitlements; path = "NSPersistentCloudKitContainer+initTesting.entitlements"; sourceTree = "<group>"; };
		FD51F07625D00AE2000C1AEF /* CloudKit.framework */ = {isa = PBXFileReference; lastKnownFileType = wrapper.framework; name = CloudKit.framework; path = System/Library/Frameworks/CloudKit.framework; sourceTree = SDKROOT; };
/* End PBXFileReference section */

/* Begin PBXFrameworksBuildPhase section */
		FD51F05625D00A61000C1AEF /* Frameworks */ = {
			isa = PBXFrameworksBuildPhase;
			buildActionMask = 2147483647;
			files = (
				FD51F07725D00AE2000C1AEF /* CloudKit.framework in Frameworks */,
			);
			runOnlyForDeploymentPostprocessing = 0;
		};
/* End PBXFrameworksBuildPhase section */

/* Begin PBXGroup section */
		FD51F05025D00A61000C1AEF = {
			isa = PBXGroup;
			children = (
				FD51F05B25D00A61000C1AEF /* NSPersistentCloudKitContainer+initTesting */,
				FD51F05A25D00A61000C1AEF /* Products */,
				FD51F07525D00AE2000C1AEF /* Frameworks */,
			);
			sourceTree = "<group>";
		};
		FD51F05A25D00A61000C1AEF /* Products */ = {
			isa = PBXGroup;
			children = (
				FD51F05925D00A61000C1AEF /* NSPersistentCloudKitContainer+initTesting.app */,
			);
			name = Products;
			sourceTree = "<group>";
		};
		FD51F05B25D00A61000C1AEF /* NSPersistentCloudKitContainer+initTesting */ = {
			isa = PBXGroup;
			children = (
				FD51F07325D00ADE000C1AEF /* NSPersistentCloudKitContainer+initTesting.entitlements */,
				FD51F05C25D00A61000C1AEF /* NSPersistentCloudKitContainer_initTestingApp.swift */,
				FD51F06025D00A65000C1AEF /* Assets.xcassets */,
				FD51F06A25D00A65000C1AEF /* Info.plist */,
				FD51F06725D00A65000C1AEF /* NSPersistentCloudKitContainer_initTesting.xcdatamodeld */,
				FD51F06225D00A65000C1AEF /* Preview Content */,
			);
			path = "NSPersistentCloudKitContainer+initTesting";
			sourceTree = "<group>";
		};
		FD51F06225D00A65000C1AEF /* Preview Content */ = {
			isa = PBXGroup;
			children = (
				FD51F06325D00A65000C1AEF /* Preview Assets.xcassets */,
			);
			path = "Preview Content";
			sourceTree = "<group>";
		};
		FD51F07525D00AE2000C1AEF /* Frameworks */ = {
			isa = PBXGroup;
			children = (
				FD51F07625D00AE2000C1AEF /* CloudKit.framework */,
			);
			name = Frameworks;
			sourceTree = "<group>";
		};
/* End PBXGroup section */

/* Begin PBXNativeTarget section */
		FD51F05825D00A61000C1AEF /* NSPersistentCloudKitContainer+initTesting */ = {
			isa = PBXNativeTarget;
			buildConfigurationList = FD51F06D25D00A65000C1AEF /* Build configuration list for PBXNativeTarget "NSPersistentCloudKitContainer+initTesting" */;
			buildPhases = (
				FD51F05525D00A61000C1AEF /* Sources */,
				FD51F05625D00A61000C1AEF /* Frameworks */,
				FD51F05725D00A61000C1AEF /* Resources */,
			);
			buildRules = (
			);
			dependencies = (
			);
			name = "NSPersistentCloudKitContainer+initTesting";
			productName = "NSPersistentCloudKitContainer+initTesting";
			productReference = FD51F05925D00A61000C1AEF /* NSPersistentCloudKitContainer+initTesting.app */;
			productType = "com.apple.product-type.application";
		};
/* End PBXNativeTarget section */

/* Begin PBXProject section */
		FD51F05125D00A61000C1AEF /* Project object */ = {
			isa = PBXProject;
			attributes = {
				LastSwiftUpdateCheck = 1240;
				LastUpgradeCheck = 1240;
				TargetAttributes = {
					FD51F05825D00A61000C1AEF = {
						CreatedOnToolsVersion = 12.4;
					};
				};
			};
			buildConfigurationList = FD51F05425D00A61000C1AEF /* Build configuration list for PBXProject "NSPersistentCloudKitContainer+initTesting" */;
			compatibilityVersion = "Xcode 9.3";
			developmentRegion = en;
			hasScannedForEncodings = 0;
			knownRegions = (
				en,
				Base,
			);
			mainGroup = FD51F05025D00A61000C1AEF;
			productRefGroup = FD51F05A25D00A61000C1AEF /* Products */;
			projectDirPath = "";
			projectRoot = "";
			targets = (
				FD51F05825D00A61000C1AEF /* NSPersistentCloudKitContainer+initTesting */,
			);
		};
/* End PBXProject section */

/* Begin PBXResourcesBuildPhase section */
		FD51F05725D00A61000C1AEF /* Resources */ = {
			isa = PBXResourcesBuildPhase;
			buildActionMask = 2147483647;
			files = (
				FD51F06425D00A65000C1AEF /* Preview Assets.xcassets in Resources */,
				FD51F06125D00A65000C1AEF /* Assets.xcassets in Resources */,
			);
			runOnlyForDeploymentPostprocessing = 0;
		};
/* End PBXResourcesBuildPhase section */

/* Begin PBXSourcesBuildPhase section */
		FD51F05525D00A61000C1AEF /* Sources */ = {
			isa = PBXSourcesBuildPhase;
			buildActionMask = 2147483647;
			files = (
				FD51F05D25D00A61000C1AEF /* NSPersistentCloudKitContainer_initTestingApp.swift in Sources */,
				FD51F06925D00A65000C1AEF /* NSPersistentCloudKitContainer_initTesting.xcdatamodeld in Sources */,
			);
			runOnlyForDeploymentPostprocessing = 0;
		};
/* End PBXSourcesBuildPhase section */

/* Begin XCBuildConfiguration section */
		FD51F06B25D00A65000C1AEF /* Debug */ = {
			isa = XCBuildConfiguration;
			buildSettings = {
				ALWAYS_SEARCH_USER_PATHS = NO;
				CLANG_ANALYZER_NONNULL = YES;
				CLANG_ANALYZER_NUMBER_OBJECT_CONVERSION = YES_AGGRESSIVE;
				CLANG_CXX_LANGUAGE_STANDARD = "gnu++14";
				CLANG_CXX_LIBRARY = "libc++";
				CLANG_ENABLE_MODULES = YES;
				CLANG_ENABLE_OBJC_ARC = YES;
				CLANG_ENABLE_OBJC_WEAK = YES;
				CLANG_WARN_BLOCK_CAPTURE_AUTORELEASING = YES;
				CLANG_WARN_BOOL_CONVERSION = YES;
				CLANG_WARN_COMMA = YES;
				CLANG_WARN_CONSTANT_CONVERSION = YES;
				CLANG_WARN_DEPRECATED_OBJC_IMPLEMENTATIONS = YES;
				CLANG_WARN_DIRECT_OBJC_ISA_USAGE = YES_ERROR;
				CLANG_WARN_DOCUMENTATION_COMMENTS = YES;
				CLANG_WARN_EMPTY_BODY = YES;
				CLANG_WARN_ENUM_CONVERSION = YES;
				CLANG_WARN_INFINITE_RECURSION = YES;
				CLANG_WARN_INT_CONVERSION = YES;
				CLANG_WARN_NON_LITERAL_NULL_CONVERSION = YES;
				CLANG_WARN_OBJC_IMPLICIT_RETAIN_SELF = YES;
				CLANG_WARN_OBJC_LITERAL_CONVERSION = YES;
				CLANG_WARN_OBJC_ROOT_CLASS = YES_ERROR;
				CLANG_WARN_QUOTED_INCLUDE_IN_FRAMEWORK_HEADER = YES;
				CLANG_WARN_RANGE_LOOP_ANALYSIS = YES;
				CLANG_WARN_STRICT_PROTOTYPES = YES;
				CLANG_WARN_SUSPICIOUS_MOVE = YES;
				CLANG_WARN_UNGUARDED_AVAILABILITY = YES_AGGRESSIVE;
				CLANG_WARN_UNREACHABLE_CODE = YES;
				CLANG_WARN__DUPLICATE_METHOD_MATCH = YES;
				COPY_PHASE_STRIP = NO;
				DEBUG_INFORMATION_FORMAT = dwarf;
				ENABLE_STRICT_OBJC_MSGSEND = YES;
				ENABLE_TESTABILITY = YES;
				GCC_C_LANGUAGE_STANDARD = gnu11;
				GCC_DYNAMIC_NO_PIC = NO;
				GCC_NO_COMMON_BLOCKS = YES;
				GCC_OPTIMIZATION_LEVEL = 0;
				GCC_PREPROCESSOR_DEFINITIONS = (
					"DEBUG=1",
					"$(inherited)",
				);
				GCC_WARN_64_TO_32_BIT_CONVERSION = YES;
				GCC_WARN_ABOUT_RETURN_TYPE = YES_ERROR;
				GCC_WARN_UNDECLARED_SELECTOR = YES;
				GCC_WARN_UNINITIALIZED_AUTOS = YES_AGGRESSIVE;
				GCC_WARN_UNUSED_FUNCTION = YES;
				GCC_WARN_UNUSED_VARIABLE = YES;
				IPHONEOS_DEPLOYMENT_TARGET = 14.4;
				MTL_ENABLE_DEBUG_INFO = INCLUDE_SOURCE;
				MTL_FAST_MATH = YES;
				ONLY_ACTIVE_ARCH = YES;
				SDKROOT = iphoneos;
				SWIFT_ACTIVE_COMPILATION_CONDITIONS = DEBUG;
				SWIFT_OPTIMIZATION_LEVEL = "-Onone";
			};
			name = Debug;
		};
		FD51F06C25D00A65000C1AEF /* Release */ = {
			isa = XCBuildConfiguration;
			buildSettings = {
				ALWAYS_SEARCH_USER_PATHS = NO;
				CLANG_ANALYZER_NONNULL = YES;
				CLANG_ANALYZER_NUMBER_OBJECT_CONVERSION = YES_AGGRESSIVE;
				CLANG_CXX_LANGUAGE_STANDARD = "gnu++14";
				CLANG_CXX_LIBRARY = "libc++";
				CLANG_ENABLE_MODULES = YES;
				CLANG_ENABLE_OBJC_ARC = YES;
				CLANG_ENABLE_OBJC_WEAK = YES;
				CLANG_WARN_BLOCK_CAPTURE_AUTORELEASING = YES;
				CLANG_WARN_BOOL_CONVERSION = YES;
				CLANG_WARN_COMMA = YES;
				CLANG_WARN_CONSTANT_CONVERSION = YES;
				CLANG_WARN_DEPRECATED_OBJC_IMPLEMENTATIONS = YES;
				CLANG_WARN_DIRECT_OBJC_ISA_USAGE = YES_ERROR;
				CLANG_WARN_DOCUMENTATION_COMMENTS = YES;
				CLANG_WARN_EMPTY_BODY = YES;
				CLANG_WARN_ENUM_CONVERSION = YES;
				CLANG_WARN_INFINITE_RECURSION = YES;
				CLANG_WARN_INT_CONVERSION = YES;
				CLANG_WARN_NON_LITERAL_NULL_CONVERSION = YES;
				CLANG_WARN_OBJC_IMPLICIT_RETAIN_SELF = YES;
				CLANG_WARN_OBJC_LITERAL_CONVERSION = YES;
				CLANG_WARN_OBJC_ROOT_CLASS = YES_ERROR;
				CLANG_WARN_QUOTED_INCLUDE_IN_FRAMEWORK_HEADER = YES;
				CLANG_WARN_RANGE_LOOP_ANALYSIS = YES;
				CLANG_WARN_STRICT_PROTOTYPES = YES;
				CLANG_WARN_SUSPICIOUS_MOVE = YES;
				CLANG_WARN_UNGUARDED_AVAILABILITY = YES_AGGRESSIVE;
				CLANG_WARN_UNREACHABLE_CODE = YES;
				CLANG_WARN__DUPLICATE_METHOD_MATCH = YES;
				COPY_PHASE_STRIP = NO;
				DEBUG_INFORMATION_FORMAT = "dwarf-with-dsym";
				ENABLE_NS_ASSERTIONS = NO;
				ENABLE_STRICT_OBJC_MSGSEND = YES;
				GCC_C_LANGUAGE_STANDARD = gnu11;
				GCC_NO_COMMON_BLOCKS = YES;
				GCC_WARN_64_TO_32_BIT_CONVERSION = YES;
				GCC_WARN_ABOUT_RETURN_TYPE = YES_ERROR;
				GCC_WARN_UNDECLARED_SELECTOR = YES;
				GCC_WARN_UNINITIALIZED_AUTOS = YES_AGGRESSIVE;
				GCC_WARN_UNUSED_FUNCTION = YES;
				GCC_WARN_UNUSED_VARIABLE = YES;
				IPHONEOS_DEPLOYMENT_TARGET = 14.4;
				MTL_ENABLE_DEBUG_INFO = NO;
				MTL_FAST_MATH = YES;
				SDKROOT = iphoneos;
				SWIFT_COMPILATION_MODE = wholemodule;
				SWIFT_OPTIMIZATION_LEVEL = "-O";
				VALIDATE_PRODUCT = YES;
			};
			name = Release;
		};
		FD51F06E25D00A65000C1AEF /* Debug */ = {
			isa = XCBuildConfiguration;
			buildSettings = {
				ASSETCATALOG_COMPILER_APPICON_NAME = AppIcon;
				ASSETCATALOG_COMPILER_GLOBAL_ACCENT_COLOR_NAME = AccentColor;
				CODE_SIGN_ENTITLEMENTS = "NSPersistentCloudKitContainer+initTesting/NSPersistentCloudKitContainer+initTesting.entitlements";
				CODE_SIGN_STYLE = Automatic;
				DEVELOPMENT_ASSET_PATHS = "\"NSPersistentCloudKitContainer+initTesting/Preview Content\"";
				DEVELOPMENT_TEAM = 2NB974GTCK;
				ENABLE_PREVIEWS = YES;
				INFOPLIST_FILE = "NSPersistentCloudKitContainer+initTesting/Info.plist";
				IPHONEOS_DEPLOYMENT_TARGET = 14.0;
				LD_RUNPATH_SEARCH_PATHS = (
					"$(inherited)",
					"@executable_path/Frameworks",
				);
				PRODUCT_BUNDLE_IDENTIFIER = "com.stevemarshall.NSPersistentCloudKitContainer-initTesting";
				PRODUCT_NAME = "$(TARGET_NAME)";
				SWIFT_VERSION = 5.0;
				TARGETED_DEVICE_FAMILY = "1,2";
			};
			name = Debug;
		};
		FD51F06F25D00A65000C1AEF /* Release */ = {
			isa = XCBuildConfiguration;
			buildSettings = {
				ASSETCATALOG_COMPILER_APPICON_NAME = AppIcon;
				ASSETCATALOG_COMPILER_GLOBAL_ACCENT_COLOR_NAME = AccentColor;
				CODE_SIGN_ENTITLEMENTS = "NSPersistentCloudKitContainer+initTesting/NSPersistentCloudKitContainer+initTesting.entitlements";
				CODE_SIGN_STYLE = Automatic;
				DEVELOPMENT_ASSET_PATHS = "\"NSPersistentCloudKitContainer+initTesting/Preview Content\"";
				DEVELOPMENT_TEAM = 2NB974GTCK;
				ENABLE_PREVIEWS = YES;
				INFOPLIST_FILE = "NSPersistentCloudKitContainer+initTesting/Info.plist";
				IPHONEOS_DEPLOYMENT_TARGET = 14.0;
				LD_RUNPATH_SEARCH_PATHS = (
					"$(inherited)",
					"@executable_path/Frameworks",
				);
				PRODUCT_BUNDLE_IDENTIFIER = "com.stevemarshall.NSPersistentCloudKitContainer-initTesting";
				PRODUCT_NAME = "$(TARGET_NAME)";
				SWIFT_VERSION = 5.0;
				TARGETED_DEVICE_FAMILY = "1,2";
			};
			name = Release;
		};
/* End XCBuildConfiguration section */

/* Begin XCConfigurationList section */
		FD51F05425D00A61000C1AEF /* Build configuration list for PBXProject "NSPersistentCloudKitContainer+initTesting" */ = {
			isa = XCConfigurationList;
			buildConfigurations = (
				FD51F06B25D00A65000C1AEF /* Debug */,
				FD51F06C25D00A65000C1AEF /* Release */,
			);
			defaultConfigurationIsVisible = 0;
			defaultConfigurationName = Release;
		};
		FD51F06D25D00A65000C1AEF /* Build configuration list for PBXNativeTarget "NSPersistentCloudKitContainer+initTesting" */ = {
			isa = XCConfigurationList;
			buildConfigurations = (
				FD51F06E25D00A65000C1AEF /* Debug */,
				FD51F06F25D00A65000C1AEF /* Release */,
			);
			defaultConfigurationIsVisible = 0;
			defaultConfigurationName = Release;
		};
/* End XCConfigurationList section */

/* Begin XCVersionGroup section */
		FD51F06725D00A65000C1AEF /* NSPersistentCloudKitContainer_initTesting.xcdatamodeld */ = {
			isa = XCVersionGroup;
			children = (
				FD51F06825D00A65000C1AEF /* NSPersistentCloudKitContainer_initTesting.xcdatamodel */,
			);
			currentVersion = FD51F06825D00A65000C1AEF /* NSPersistentCloudKitContainer_initTesting.xcdatamodel */;
			path = NSPersistentCloudKitContainer_initTesting.xcdatamodeld;
			sourceTree = "<group>";
			versionGroupType = wrapper.xcdatamodel;
		};
/* End XCVersionGroup section */
	};
	rootObject = FD51F05125D00A61000C1AEF /* Project object */;
}
